// !$*UTF8*$!
{
	archiveVersion = 1;
	classes = {
	};
	objectVersion = 46;
	objects = {

/* Begin PBXBuildFile section */
		1D782BC91E0642A30054F035 /* AppDelegate.swift in Sources */ = {isa = PBXBuildFile; fileRef = 1D782BC81E0642A30054F035 /* AppDelegate.swift */; };
		1D782BCB1E0642A30054F035 /* ViewController.swift in Sources */ = {isa = PBXBuildFile; fileRef = 1D782BCA1E0642A30054F035 /* ViewController.swift */; };
		1D782BCE1E0642A30054F035 /* Main.storyboard in Resources */ = {isa = PBXBuildFile; fileRef = 1D782BCC1E0642A30054F035 /* Main.storyboard */; };
		1D782BD01E0642A30054F035 /* Assets.xcassets in Resources */ = {isa = PBXBuildFile; fileRef = 1D782BCF1E0642A30054F035 /* Assets.xcassets */; };
		1D782BD31E0642A30054F035 /* LaunchScreen.storyboard in Resources */ = {isa = PBXBuildFile; fileRef = 1D782BD11E0642A30054F035 /* LaunchScreen.storyboard */; };
		1D782BDE1E0642A30054F035 /* Project2___Tests.swift in Sources */ = {isa = PBXBuildFile; fileRef = 1D782BDD1E0642A30054F035 /* Project2___Tests.swift */; };
		1D782BE91E0642A30054F035 /* Project2___UITests.swift in Sources */ = {isa = PBXBuildFile; fileRef = 1D782BE81E0642A30054F035 /* Project2___UITests.swift */; };
/* End PBXBuildFile section */

/* Begin PBXContainerItemProxy section */
		1D782BDA1E0642A30054F035 /* PBXContainerItemProxy */ = {
			isa = PBXContainerItemProxy;
			containerPortal = 1D782BBD1E0642A30054F035 /* Project object */;
			proxyType = 1;
			remoteGlobalIDString = 1D782BC41E0642A30054F035;
			remoteInfo = "Project2-練習";
		};
		1D782BE51E0642A30054F035 /* PBXContainerItemProxy */ = {
			isa = PBXContainerItemProxy;
			containerPortal = 1D782BBD1E0642A30054F035 /* Project object */;
			proxyType = 1;
			remoteGlobalIDString = 1D782BC41E0642A30054F035;
			remoteInfo = "Project2-練習";
		};
/* End PBXContainerItemProxy section */

/* Begin PBXFileReference section */
		1D782BC51E0642A30054F035 /* Project2-練習.app */ = {isa = PBXFileReference; explicitFileType = wrapper.application; includeInIndex = 0; path = "Project2-練習.app"; sourceTree = BUILT_PRODUCTS_DIR; };
		1D782BC81E0642A30054F035 /* AppDelegate.swift */ = {isa = PBXFileReference; lastKnownFileType = sourcecode.swift; path = AppDelegate.swift; sourceTree = "<group>"; };
		1D782BCA1E0642A30054F035 /* ViewController.swift */ = {isa = PBXFileReference; lastKnownFileType = sourcecode.swift; path = ViewController.swift; sourceTree = "<group>"; };
		1D782BCD1E0642A30054F035 /* Base */ = {isa = PBXFileReference; lastKnownFileType = file.storyboard; name = Base; path = Base.lproj/Main.storyboard; sourceTree = "<group>"; };
		1D782BCF1E0642A30054F035 /* Assets.xcassets */ = {isa = PBXFileReference; lastKnownFileType = folder.assetcatalog; path = Assets.xcassets; sourceTree = "<group>"; };
		1D782BD21E0642A30054F035 /* Base */ = {isa = PBXFileReference; lastKnownFileType = file.storyboard; name = Base; path = Base.lproj/LaunchScreen.storyboard; sourceTree = "<group>"; };
		1D782BD41E0642A30054F035 /* Info.plist */ = {isa = PBXFileReference; lastKnownFileType = text.plist.xml; path = Info.plist; sourceTree = "<group>"; };
		1D782BD91E0642A30054F035 /* Project2-練習Tests.xctest */ = {isa = PBXFileReference; explicitFileType = wrapper.cfbundle; includeInIndex = 0; path = "Project2-練習Tests.xctest"; sourceTree = BUILT_PRODUCTS_DIR; };
		1D782BDD1E0642A30054F035 /* Project2___Tests.swift */ = {isa = PBXFileReference; lastKnownFileType = sourcecode.swift; path = "Project2___Tests.swift"; sourceTree = "<group>"; };
		1D782BDF1E0642A30054F035 /* Info.plist */ = {isa = PBXFileReference; lastKnownFileType = text.plist.xml; path = Info.plist; sourceTree = "<group>"; };
		1D782BE41E0642A30054F035 /* Project2-練習UITests.xctest */ = {isa = PBXFileReference; explicitFileType = wrapper.cfbundle; includeInIndex = 0; path = "Project2-練習UITests.xctest"; sourceTree = BUILT_PRODUCTS_DIR; };
		1D782BE81E0642A30054F035 /* Project2___UITests.swift */ = {isa = PBXFileReference; lastKnownFileType = sourcecode.swift; path = "Project2___UITests.swift"; sourceTree = "<group>"; };
		1D782BEA1E0642A30054F035 /* Info.plist */ = {isa = PBXFileReference; lastKnownFileType = text.plist.xml; path = Info.plist; sourceTree = "<group>"; };
/* End PBXFileReference section */

/* Begin PBXFrameworksBuildPhase section */
		1D782BC21E0642A30054F035 /* Frameworks */ = {
			isa = PBXFrameworksBuildPhase;
			buildActionMask = 2147483647;
			files = (
			);
			runOnlyForDeploymentPostprocessing = 0;
		};
		1D782BD61E0642A30054F035 /* Frameworks */ = {
			isa = PBXFrameworksBuildPhase;
			buildActionMask = 2147483647;
			files = (
			);
			runOnlyForDeploymentPostprocessing = 0;
		};
		1D782BE11E0642A30054F035 /* Frameworks */ = {
			isa = PBXFrameworksBuildPhase;
			buildActionMask = 2147483647;
			files = (
			);
			runOnlyForDeploymentPostprocessing = 0;
		};
/* End PBXFrameworksBuildPhase section */

/* Begin PBXGroup section */
		1D782BBC1E0642A30054F035 = {
			isa = PBXGroup;
			children = (
				1D782BC71E0642A30054F035 /* Project2-練習 */,
				1D782BDC1E0642A30054F035 /* Project2-練習Tests */,
				1D782BE71E0642A30054F035 /* Project2-練習UITests */,
				1D782BC61E0642A30054F035 /* Products */,
			);
			sourceTree = "<group>";
		};
		1D782BC61E0642A30054F035 /* Products */ = {
			isa = PBXGroup;
			children = (
				1D782BC51E0642A30054F035 /* Project2-練習.app */,
				1D782BD91E0642A30054F035 /* Project2-練習Tests.xctest */,
				1D782BE41E0642A30054F035 /* Project2-練習UITests.xctest */,
			);
			name = Products;
			sourceTree = "<group>";
		};
		1D782BC71E0642A30054F035 /* Project2-練習 */ = {
			isa = PBXGroup;
			children = (
				1D782BC81E0642A30054F035 /* AppDelegate.swift */,
				1D782BCA1E0642A30054F035 /* ViewController.swift */,
				1D782BCC1E0642A30054F035 /* Main.storyboard */,
				1D782BCF1E0642A30054F035 /* Assets.xcassets */,
				1D782BD11E0642A30054F035 /* LaunchScreen.storyboard */,
				1D782BD41E0642A30054F035 /* Info.plist */,
			);
			path = "Project2-練習";
			sourceTree = "<group>";
		};
		1D782BDC1E0642A30054F035 /* Project2-練習Tests */ = {
			isa = PBXGroup;
			children = (
				1D782BDD1E0642A30054F035 /* Project2___Tests.swift */,
				1D782BDF1E0642A30054F035 /* Info.plist */,
			);
			path = "Project2-練習Tests";
			sourceTree = "<group>";
		};
		1D782BE71E0642A30054F035 /* Project2-練習UITests */ = {
			isa = PBXGroup;
			children = (
				1D782BE81E0642A30054F035 /* Project2___UITests.swift */,
				1D782BEA1E0642A30054F035 /* Info.plist */,
			);
			path = "Project2-練習UITests";
			sourceTree = "<group>";
		};
/* End PBXGroup section */

/* Begin PBXNativeTarget section */
		1D782BC41E0642A30054F035 /* Project2-練習 */ = {
			isa = PBXNativeTarget;
			buildConfigurationList = 1D782BED1E0642A30054F035 /* Build configuration list for PBXNativeTarget "Project2-練習" */;
			buildPhases = (
				1D782BC11E0642A30054F035 /* Sources */,
				1D782BC21E0642A30054F035 /* Frameworks */,
				1D782BC31E0642A30054F035 /* Resources */,
			);
			buildRules = (
			);
			dependencies = (
			);
			name = "Project2-練習";
			productName = "Project2-練習";
			productReference = 1D782BC51E0642A30054F035 /* Project2-練習.app */;
			productType = "com.apple.product-type.application";
		};
		1D782BD81E0642A30054F035 /* Project2-練習Tests */ = {
			isa = PBXNativeTarget;
			buildConfigurationList = 1D782BF01E0642A30054F035 /* Build configuration list for PBXNativeTarget "Project2-練習Tests" */;
			buildPhases = (
				1D782BD51E0642A30054F035 /* Sources */,
				1D782BD61E0642A30054F035 /* Frameworks */,
				1D782BD71E0642A30054F035 /* Resources */,
			);
			buildRules = (
			);
			dependencies = (
				1D782BDB1E0642A30054F035 /* PBXTargetDependency */,
			);
			name = "Project2-練習Tests";
			productName = "Project2-練習Tests";
			productReference = 1D782BD91E0642A30054F035 /* Project2-練習Tests.xctest */;
			productType = "com.apple.product-type.bundle.unit-test";
		};
		1D782BE31E0642A30054F035 /* Project2-練習UITests */ = {
			isa = PBXNativeTarget;
			buildConfigurationList = 1D782BF31E0642A30054F035 /* Build configuration list for PBXNativeTarget "Project2-練習UITests" */;
			buildPhases = (
				1D782BE01E0642A30054F035 /* Sources */,
				1D782BE11E0642A30054F035 /* Frameworks */,
				1D782BE21E0642A30054F035 /* Resources */,
			);
			buildRules = (
			);
			dependencies = (
				1D782BE61E0642A30054F035 /* PBXTargetDependency */,
			);
			name = "Project2-練習UITests";
			productName = "Project2-練習UITests";
			productReference = 1D782BE41E0642A30054F035 /* Project2-練習UITests.xctest */;
			productType = "com.apple.product-type.bundle.ui-testing";
		};
/* End PBXNativeTarget section */

/* Begin PBXProject section */
		1D782BBD1E0642A30054F035 /* Project object */ = {
			isa = PBXProject;
			attributes = {
				LastSwiftUpdateCheck = 0820;
				LastUpgradeCheck = 0820;
				ORGANIZATIONNAME = "吳政緯";
				TargetAttributes = {
					1D782BC41E0642A30054F035 = {
						CreatedOnToolsVersion = 8.2;
						DevelopmentTeam = J3X6Y8H249;
						ProvisioningStyle = Automatic;
					};
					1D782BD81E0642A30054F035 = {
						CreatedOnToolsVersion = 8.2;
						DevelopmentTeam = J3X6Y8H249;
						ProvisioningStyle = Automatic;
						TestTargetID = 1D782BC41E0642A30054F035;
					};
					1D782BE31E0642A30054F035 = {
						CreatedOnToolsVersion = 8.2;
						DevelopmentTeam = J3X6Y8H249;
						ProvisioningStyle = Automatic;
						TestTargetID = 1D782BC41E0642A30054F035;
					};
				};
			};
			buildConfigurationList = 1D782BC01E0642A30054F035 /* Build configuration list for PBXProject "Project2-練習" */;
			compatibilityVersion = "Xcode 3.2";
			developmentRegion = English;
			hasScannedForEncodings = 0;
			knownRegions = (
				en,
				Base,
			);
			mainGroup = 1D782BBC1E0642A30054F035;
			productRefGroup = 1D782BC61E0642A30054F035 /* Products */;
			projectDirPath = "";
			projectRoot = "";
			targets = (
				1D782BC41E0642A30054F035 /* Project2-練習 */,
				1D782BD81E0642A30054F035 /* Project2-練習Tests */,
				1D782BE31E0642A30054F035 /* Project2-練習UITests */,
			);
		};
/* End PBXProject section */

/* Begin PBXResourcesBuildPhase section */
		1D782BC31E0642A30054F035 /* Resources */ = {
			isa = PBXResourcesBuildPhase;
			buildActionMask = 2147483647;
			files = (
				1D782BD31E0642A30054F035 /* LaunchScreen.storyboard in Resources */,
				1D782BD01E0642A30054F035 /* Assets.xcassets in Resources */,
				1D782BCE1E0642A30054F035 /* Main.storyboard in Resources */,
			);
			runOnlyForDeploymentPostprocessing = 0;
		};
		1D782BD71E0642A30054F035 /* Resources */ = {
			isa = PBXResourcesBuildPhase;
			buildActionMask = 2147483647;
			files = (
			);
			runOnlyForDeploymentPostprocessing = 0;
		};
		1D782BE21E0642A30054F035 /* Resources */ = {
			isa = PBXResourcesBuildPhase;
			buildActionMask = 2147483647;
			files = (
			);
			runOnlyForDeploymentPostprocessing = 0;
		};
/* End PBXResourcesBuildPhase section */

/* Begin PBXSourcesBuildPhase section */
		1D782BC11E0642A30054F035 /* Sources */ = {
			isa = PBXSourcesBuildPhase;
			buildActionMask = 2147483647;
			files = (
				1D782BCB1E0642A30054F035 /* ViewController.swift in Sources */,
				1D782BC91E0642A30054F035 /* AppDelegate.swift in Sources */,
			);
			runOnlyForDeploymentPostprocessing = 0;
		};
		1D782BD51E0642A30054F035 /* Sources */ = {
			isa = PBXSourcesBuildPhase;
			buildActionMask = 2147483647;
			files = (
				1D782BDE1E0642A30054F035 /* Project2___Tests.swift in Sources */,
			);
			runOnlyForDeploymentPostprocessing = 0;
		};
		1D782BE01E0642A30054F035 /* Sources */ = {
			isa = PBXSourcesBuildPhase;
			buildActionMask = 2147483647;
			files = (
				1D782BE91E0642A30054F035 /* Project2___UITests.swift in Sources */,
			);
			runOnlyForDeploymentPostprocessing = 0;
		};
/* End PBXSourcesBuildPhase section */

/* Begin PBXTargetDependency section */
		1D782BDB1E0642A30054F035 /* PBXTargetDependency */ = {
			isa = PBXTargetDependency;
			target = 1D782BC41E0642A30054F035 /* Project2-練習 */;
			targetProxy = 1D782BDA1E0642A30054F035 /* PBXContainerItemProxy */;
		};
		1D782BE61E0642A30054F035 /* PBXTargetDependency */ = {
			isa = PBXTargetDependency;
			target = 1D782BC41E0642A30054F035 /* Project2-練習 */;
			targetProxy = 1D782BE51E0642A30054F035 /* PBXContainerItemProxy */;
		};
/* End PBXTargetDependency section */

/* Begin PBXVariantGroup section */
		1D782BCC1E0642A30054F035 /* Main.storyboard */ = {
			isa = PBXVariantGroup;
			children = (
				1D782BCD1E0642A30054F035 /* Base */,
			);
			name = Main.storyboard;
			sourceTree = "<group>";
		};
		1D782BD11E0642A30054F035 /* LaunchScreen.storyboard */ = {
			isa = PBXVariantGroup;
			children = (
				1D782BD21E0642A30054F035 /* Base */,
			);
			name = LaunchScreen.storyboard;
			sourceTree = "<group>";
		};
/* End PBXVariantGroup section */

/* Begin XCBuildConfiguration section */
		1D782BEB1E0642A30054F035 /* Debug */ = {
			isa = XCBuildConfiguration;
			buildSettings = {
				ALWAYS_SEARCH_USER_PATHS = NO;
				CLANG_ANALYZER_NONNULL = YES;
				CLANG_CXX_LANGUAGE_STANDARD = "gnu++0x";
				CLANG_CXX_LIBRARY = "libc++";
				CLANG_ENABLE_MODULES = YES;
				CLANG_ENABLE_OBJC_ARC = YES;
				CLANG_WARN_BOOL_CONVERSION = YES;
				CLANG_WARN_CONSTANT_CONVERSION = YES;
				CLANG_WARN_DIRECT_OBJC_ISA_USAGE = YES_ERROR;
				CLANG_WARN_DOCUMENTATION_COMMENTS = YES;
				CLANG_WARN_EMPTY_BODY = YES;
				CLANG_WARN_ENUM_CONVERSION = YES;
				CLANG_WARN_INFINITE_RECURSION = YES;
				CLANG_WARN_INT_CONVERSION = YES;
				CLANG_WARN_OBJC_ROOT_CLASS = YES_ERROR;
				CLANG_WARN_SUSPICIOUS_MOVE = YES;
				CLANG_WARN_UNREACHABLE_CODE = YES;
				CLANG_WARN__DUPLICATE_METHOD_MATCH = YES;
				"CODE_SIGN_IDENTITY[sdk=iphoneos*]" = "iPhone Developer";
				COPY_PHASE_STRIP = NO;
				DEBUG_INFORMATION_FORMAT = dwarf;
				ENABLE_STRICT_OBJC_MSGSEND = YES;
				ENABLE_TESTABILITY = YES;
				GCC_C_LANGUAGE_STANDARD = gnu99;
				GCC_DYNAMIC_NO_PIC = NO;
				GCC_NO_COMMON_BLOCKS = YES;
				GCC_OPTIMIZATION_LEVEL = 0;
				GCC_PREPROCESSOR_DEFINITIONS = (
					"DEBUG=1",
					"$(inherited)",
				);
				GCC_WARN_64_TO_32_BIT_CONVERSION = YES;
				GCC_WARN_ABOUT_RETURN_TYPE = YES_ERROR;
				GCC_WARN_UNDECLARED_SELECTOR = YES;
				GCC_WARN_UNINITIALIZED_AUTOS = YES_AGGRESSIVE;
				GCC_WARN_UNUSED_FUNCTION = YES;
				GCC_WARN_UNUSED_VARIABLE = YES;
				IPHONEOS_DEPLOYMENT_TARGET = 10.2;
				MTL_ENABLE_DEBUG_INFO = YES;
				ONLY_ACTIVE_ARCH = YES;
				SDKROOT = iphoneos;
				SWIFT_ACTIVE_COMPILATION_CONDITIONS = DEBUG;
				SWIFT_OPTIMIZATION_LEVEL = "-Onone";
				TARGETED_DEVICE_FAMILY = "1,2";
			};
			name = Debug;
		};
		1D782BEC1E0642A30054F035 /* Release */ = {
			isa = XCBuildConfiguration;
			buildSettings = {
				ALWAYS_SEARCH_USER_PATHS = NO;
				CLANG_ANALYZER_NONNULL = YES;
				CLANG_CXX_LANGUAGE_STANDARD = "gnu++0x";
				CLANG_CXX_LIBRARY = "libc++";
				CLANG_ENABLE_MODULES = YES;
				CLANG_ENABLE_OBJC_ARC = YES;
				CLANG_WARN_BOOL_CONVERSION = YES;
				CLANG_WARN_CONSTANT_CONVERSION = YES;
				CLANG_WARN_DIRECT_OBJC_ISA_USAGE = YES_ERROR;
				CLANG_WARN_DOCUMENTATION_COMMENTS = YES;
				CLANG_WARN_EMPTY_BODY = YES;
				CLANG_WARN_ENUM_CONVERSION = YES;
				CLANG_WARN_INFINITE_RECURSION = YES;
				CLANG_WARN_INT_CONVERSION = YES;
				CLANG_WARN_OBJC_ROOT_CLASS = YES_ERROR;
				CLANG_WARN_SUSPICIOUS_MOVE = YES;
				CLANG_WARN_UNREACHABLE_CODE = YES;
				CLANG_WARN__DUPLICATE_METHOD_MATCH = YES;
				"CODE_SIGN_IDENTITY[sdk=iphoneos*]" = "iPhone Developer";
				COPY_PHASE_STRIP = NO;
				DEBUG_INFORMATION_FORMAT = "dwarf-with-dsym";
				ENABLE_NS_ASSERTIONS = NO;
				ENABLE_STRICT_OBJC_MSGSEND = YES;
				GCC_C_LANGUAGE_STANDARD = gnu99;
				GCC_NO_COMMON_BLOCKS = YES;
				GCC_WARN_64_TO_32_BIT_CONVERSION = YES;
				GCC_WARN_ABOUT_RETURN_TYPE = YES_ERROR;
				GCC_WARN_UNDECLARED_SELECTOR = YES;
				GCC_WARN_UNINITIALIZED_AUTOS = YES_AGGRESSIVE;
				GCC_WARN_UNUSED_FUNCTION = YES;
				GCC_WARN_UNUSED_VARIABLE = YES;
				IPHONEOS_DEPLOYMENT_TARGET = 10.2;
				MTL_ENABLE_DEBUG_INFO = NO;
				SDKROOT = iphoneos;
				SWIFT_OPTIMIZATION_LEVEL = "-Owholemodule";
				TARGETED_DEVICE_FAMILY = "1,2";
				VALIDATE_PRODUCT = YES;
			};
			name = Release;
		};
		1D782BEE1E0642A30054F035 /* Debug */ = {
			isa = XCBuildConfiguration;
			buildSettings = {
				ASSETCATALOG_COMPILER_APPICON_NAME = AppIcon;
				DEVELOPMENT_TEAM = J3X6Y8H249;
				INFOPLIST_FILE = "Project2-練習/Info.plist";
				LD_RUNPATH_SEARCH_PATHS = "$(inherited) @executable_path/Frameworks";
				PRODUCT_BUNDLE_IDENTIFIER = "practice.Project2---";
				PRODUCT_NAME = "$(TARGET_NAME)";
				SWIFT_VERSION = 3.0;
			};
			name = Debug;
		};
		1D782BEF1E0642A30054F035 /* Release */ = {
			isa = XCBuildConfiguration;
			buildSettings = {
				ASSETCATALOG_COMPILER_APPICON_NAME = AppIcon;
				DEVELOPMENT_TEAM = J3X6Y8H249;
				INFOPLIST_FILE = "Project2-練習/Info.plist";
				LD_RUNPATH_SEARCH_PATHS = "$(inherited) @executable_path/Frameworks";
				PRODUCT_BUNDLE_IDENTIFIER = "practice.Project2---";
				PRODUCT_NAME = "$(TARGET_NAME)";
				SWIFT_VERSION = 3.0;
			};
			name = Release;
		};
		1D782BF11E0642A30054F035 /* Debug */ = {
			isa = XCBuildConfiguration;
			buildSettings = {
				ALWAYS_EMBED_SWIFT_STANDARD_LIBRARIES = YES;
				BUNDLE_LOADER = "$(TEST_HOST)";
				DEVELOPMENT_TEAM = J3X6Y8H249;
				INFOPLIST_FILE = "Project2-練習Tests/Info.plist";
				LD_RUNPATH_SEARCH_PATHS = "$(inherited) @executable_path/Frameworks @loader_path/Frameworks";
				PRODUCT_BUNDLE_IDENTIFIER = "practice.Project2---Tests";
				PRODUCT_NAME = "$(TARGET_NAME)";
				SWIFT_VERSION = 3.0;
				TEST_HOST = "$(BUILT_PRODUCTS_DIR)/Project2-練習.app/Project2-練習";
			};
			name = Debug;
		};
		1D782BF21E0642A30054F035 /* Release */ = {
			isa = XCBuildConfiguration;
			buildSettings = {
				ALWAYS_EMBED_SWIFT_STANDARD_LIBRARIES = YES;
				BUNDLE_LOADER = "$(TEST_HOST)";
				DEVELOPMENT_TEAM = J3X6Y8H249;
				INFOPLIST_FILE = "Project2-練習Tests/Info.plist";
				LD_RUNPATH_SEARCH_PATHS = "$(inherited) @executable_path/Frameworks @loader_path/Frameworks";
				PRODUCT_BUNDLE_IDENTIFIER = "practice.Project2---Tests";
				PRODUCT_NAME = "$(TARGET_NAME)";
				SWIFT_VERSION = 3.0;
				TEST_HOST = "$(BUILT_PRODUCTS_DIR)/Project2-練習.app/Project2-練習";
			};
			name = Release;
		};
		1D782BF41E0642A30054F035 /* Debug */ = {
			isa = XCBuildConfiguration;
			buildSettings = {
				ALWAYS_EMBED_SWIFT_STANDARD_LIBRARIES = YES;
				DEVELOPMENT_TEAM = J3X6Y8H249;
				INFOPLIST_FILE = "Project2-練習UITests/Info.plist";
				LD_RUNPATH_SEARCH_PATHS = "$(inherited) @executable_path/Frameworks @loader_path/Frameworks";
				PRODUCT_BUNDLE_IDENTIFIER = "practice.Project2---UITests";
				PRODUCT_NAME = "$(TARGET_NAME)";
				SWIFT_VERSION = 3.0;
				TEST_TARGET_NAME = "Project2-練習";
			};
			name = Debug;
		};
		1D782BF51E0642A30054F035 /* Release */ = {
			isa = XCBuildConfiguration;
			buildSettings = {
				ALWAYS_EMBED_SWIFT_STANDARD_LIBRARIES = YES;
				DEVELOPMENT_TEAM = J3X6Y8H249;
				INFOPLIST_FILE = "Project2-練習UITests/Info.plist";
				LD_RUNPATH_SEARCH_PATHS = "$(inherited) @executable_path/Frameworks @loader_path/Frameworks";
				PRODUCT_BUNDLE_IDENTIFIER = "practice.Project2---UITests";
				PRODUCT_NAME = "$(TARGET_NAME)";
				SWIFT_VERSION = 3.0;
				TEST_TARGET_NAME = "Project2-練習";
			};
			name = Release;
		};
/* End XCBuildConfiguration section */

/* Begin XCConfigurationList section */
		1D782BC01E0642A30054F035 /* Build configuration list for PBXProject "Project2-練習" */ = {
			isa = XCConfigurationList;
			buildConfigurations = (
				1D782BEB1E0642A30054F035 /* Debug */,
				1D782BEC1E0642A30054F035 /* Release */,
			);
			defaultConfigurationIsVisible = 0;
			defaultConfigurationName = Release;
		};
		1D782BED1E0642A30054F035 /* Build configuration list for PBXNativeTarget "Project2-練習" */ = {
			isa = XCConfigurationList;
			buildConfigurations = (
				1D782BEE1E0642A30054F035 /* Debug */,
				1D782BEF1E0642A30054F035 /* Release */,
			);
			defaultConfigurationIsVisible = 0;
		};
		1D782BF01E0642A30054F035 /* Build configuration list for PBXNativeTarget "Project2-練習Tests" */ = {
			isa = XCConfigurationList;
			buildConfigurations = (
				1D782BF11E0642A30054F035 /* Debug */,
				1D782BF21E0642A30054F035 /* Release */,
			);
			defaultConfigurationIsVisible = 0;
		};
		1D782BF31E0642A30054F035 /* Build configuration list for PBXNativeTarget "Project2-練習UITests" */ = {
			isa = XCConfigurationList;
			buildConfigurations = (
				1D782BF41E0642A30054F035 /* Debug */,
				1D782BF51E0642A30054F035 /* Release */,
			);
			defaultConfigurationIsVisible = 0;
		};
/* End XCConfigurationList section */
	};
	rootObject = 1D782BBD1E0642A30054F035 /* Project object */;
}
