// !$*UTF8*$!
{
	archiveVersion = 1;
	classes = {
	};
	objectVersion = 46;
	objects = {

/* Begin PBXBuildFile section */
		1D4CA1D01E28B952006A0634 /* HelloVC.swift in Sources */ = {isa = PBXBuildFile; fileRef = 1D4CA1CF1E28B952006A0634 /* HelloVC.swift */; };
		1D4CA1D21E28B964006A0634 /* SecondVC.swift in Sources */ = {isa = PBXBuildFile; fileRef = 1D4CA1D11E28B964006A0634 /* SecondVC.swift */; };
		1DF258A01E28963600DC2DC7 /* AppDelegate.swift in Sources */ = {isa = PBXBuildFile; fileRef = 1DF2589F1E28963600DC2DC7 /* AppDelegate.swift */; };
		1DF258A21E28963600DC2DC7 /* ViewController.swift in Sources */ = {isa = PBXBuildFile; fileRef = 1DF258A11E28963600DC2DC7 /* ViewController.swift */; };
		1DF258A51E28963600DC2DC7 /* Main.storyboard in Resources */ = {isa = PBXBuildFile; fileRef = 1DF258A31E28963600DC2DC7 /* Main.storyboard */; };
		1DF258A71E28963600DC2DC7 /* Assets.xcassets in Resources */ = {isa = PBXBuildFile; fileRef = 1DF258A61E28963600DC2DC7 /* Assets.xcassets */; };
		1DF258AA1E28963600DC2DC7 /* LaunchScreen.storyboard in Resources */ = {isa = PBXBuildFile; fileRef = 1DF258A81E28963600DC2DC7 /* LaunchScreen.storyboard */; };
		1DF258B41E28971300DC2DC7 /* SWRevealViewController.m in Sources */ = {isa = PBXBuildFile; fileRef = 1DF258B31E28971300DC2DC7 /* SWRevealViewController.m */; };
		1DF258B61E28A54A00DC2DC7 /* BackTableVC.swift in Sources */ = {isa = PBXBuildFile; fileRef = 1DF258B51E28A54A00DC2DC7 /* BackTableVC.swift */; };
/* End PBXBuildFile section */

/* Begin PBXFileReference section */
		1D4CA1CF1E28B952006A0634 /* HelloVC.swift */ = {isa = PBXFileReference; fileEncoding = 4; lastKnownFileType = sourcecode.swift; path = HelloVC.swift; sourceTree = "<group>"; };
		1D4CA1D11E28B964006A0634 /* SecondVC.swift */ = {isa = PBXFileReference; fileEncoding = 4; lastKnownFileType = sourcecode.swift; path = SecondVC.swift; sourceTree = "<group>"; };
		1DF2589C1E28963600DC2DC7 /* SlideOutMenu.app */ = {isa = PBXFileReference; explicitFileType = wrapper.application; includeInIndex = 0; path = SlideOutMenu.app; sourceTree = BUILT_PRODUCTS_DIR; };
		1DF2589F1E28963600DC2DC7 /* AppDelegate.swift */ = {isa = PBXFileReference; lastKnownFileType = sourcecode.swift; path = AppDelegate.swift; sourceTree = "<group>"; };
		1DF258A11E28963600DC2DC7 /* ViewController.swift */ = {isa = PBXFileReference; lastKnownFileType = sourcecode.swift; path = ViewController.swift; sourceTree = "<group>"; };
		1DF258A41E28963600DC2DC7 /* Base */ = {isa = PBXFileReference; lastKnownFileType = file.storyboard; name = Base; path = Base.lproj/Main.storyboard; sourceTree = "<group>"; };
		1DF258A61E28963600DC2DC7 /* Assets.xcassets */ = {isa = PBXFileReference; lastKnownFileType = folder.assetcatalog; path = Assets.xcassets; sourceTree = "<group>"; };
		1DF258A91E28963600DC2DC7 /* Base */ = {isa = PBXFileReference; lastKnownFileType = file.storyboard; name = Base; path = Base.lproj/LaunchScreen.storyboard; sourceTree = "<group>"; };
		1DF258AB1E28963600DC2DC7 /* Info.plist */ = {isa = PBXFileReference; lastKnownFileType = text.plist.xml; path = Info.plist; sourceTree = "<group>"; };
		1DF258B11E28971200DC2DC7 /* SlideOutMenu-Bridging-Header.h */ = {isa = PBXFileReference; lastKnownFileType = sourcecode.c.h; path = "SlideOutMenu-Bridging-Header.h"; sourceTree = "<group>"; };
		1DF258B21E28971300DC2DC7 /* SWRevealViewController.h */ = {isa = PBXFileReference; fileEncoding = 4; lastKnownFileType = sourcecode.c.h; path = SWRevealViewController.h; sourceTree = "<group>"; };
		1DF258B31E28971300DC2DC7 /* SWRevealViewController.m */ = {isa = PBXFileReference; fileEncoding = 4; lastKnownFileType = sourcecode.c.objc; path = SWRevealViewController.m; sourceTree = "<group>"; };
		1DF258B51E28A54A00DC2DC7 /* BackTableVC.swift */ = {isa = PBXFileReference; fileEncoding = 4; lastKnownFileType = sourcecode.swift; path = BackTableVC.swift; sourceTree = "<group>"; };
/* End PBXFileReference section */

/* Begin PBXFrameworksBuildPhase section */
		1DF258991E28963600DC2DC7 /* Frameworks */ = {
			isa = PBXFrameworksBuildPhase;
			buildActionMask = 2147483647;
			files = (
			);
			runOnlyForDeploymentPostprocessing = 0;
		};
/* End PBXFrameworksBuildPhase section */

/* Begin PBXGroup section */
		1DF258931E28963600DC2DC7 = {
			isa = PBXGroup;
			children = (
				1DF2589E1E28963600DC2DC7 /* SlideOutMenu */,
				1DF2589D1E28963600DC2DC7 /* Products */,
			);
			sourceTree = "<group>";
		};
		1DF2589D1E28963600DC2DC7 /* Products */ = {
			isa = PBXGroup;
			children = (
				1DF2589C1E28963600DC2DC7 /* SlideOutMenu.app */,
			);
			name = Products;
			sourceTree = "<group>";
		};
		1DF2589E1E28963600DC2DC7 /* SlideOutMenu */ = {
			isa = PBXGroup;
			children = (
				1DF2589F1E28963600DC2DC7 /* AppDelegate.swift */,
				1D4CA1CF1E28B952006A0634 /* HelloVC.swift */,
				1D4CA1D11E28B964006A0634 /* SecondVC.swift */,
				1DF258A11E28963600DC2DC7 /* ViewController.swift */,
				1DF258B51E28A54A00DC2DC7 /* BackTableVC.swift */,
				1DF258A31E28963600DC2DC7 /* Main.storyboard */,
				1DF258A61E28963600DC2DC7 /* Assets.xcassets */,
				1DF258A81E28963600DC2DC7 /* LaunchScreen.storyboard */,
				1DF258AB1E28963600DC2DC7 /* Info.plist */,
				1DF258B21E28971300DC2DC7 /* SWRevealViewController.h */,
				1DF258B31E28971300DC2DC7 /* SWRevealViewController.m */,
				1DF258B11E28971200DC2DC7 /* SlideOutMenu-Bridging-Header.h */,
			);
			path = SlideOutMenu;
			sourceTree = "<group>";
		};
/* End PBXGroup section */

/* Begin PBXNativeTarget section */
		1DF2589B1E28963600DC2DC7 /* SlideOutMenu */ = {
			isa = PBXNativeTarget;
			buildConfigurationList = 1DF258AE1E28963600DC2DC7 /* Build configuration list for PBXNativeTarget "SlideOutMenu" */;
			buildPhases = (
				1DF258981E28963600DC2DC7 /* Sources */,
				1DF258991E28963600DC2DC7 /* Frameworks */,
				1DF2589A1E28963600DC2DC7 /* Resources */,
			);
			buildRules = (
			);
			dependencies = (
			);
			name = SlideOutMenu;
			productName = SlideOutMenu;
			productReference = 1DF2589C1E28963600DC2DC7 /* SlideOutMenu.app */;
			productType = "com.apple.product-type.application";
		};
/* End PBXNativeTarget section */

/* Begin PBXProject section */
		1DF258941E28963600DC2DC7 /* Project object */ = {
			isa = PBXProject;
			attributes = {
				LastSwiftUpdateCheck = 0820;
				LastUpgradeCheck = 0820;
				ORGANIZATIONNAME = "吳政緯";
				TargetAttributes = {
					1DF2589B1E28963600DC2DC7 = {
						CreatedOnToolsVersion = 8.2.1;
						LastSwiftMigration = 0820;
						ProvisioningStyle = Automatic;
					};
				};
			};
			buildConfigurationList = 1DF258971E28963600DC2DC7 /* Build configuration list for PBXProject "SlideOutMenu" */;
			compatibilityVersion = "Xcode 3.2";
			developmentRegion = English;
			hasScannedForEncodings = 0;
			knownRegions = (
				en,
				Base,
			);
			mainGroup = 1DF258931E28963600DC2DC7;
			productRefGroup = 1DF2589D1E28963600DC2DC7 /* Products */;
			projectDirPath = "";
			projectRoot = "";
			targets = (
				1DF2589B1E28963600DC2DC7 /* SlideOutMenu */,
			);
		};
/* End PBXProject section */

/* Begin PBXResourcesBuildPhase section */
		1DF2589A1E28963600DC2DC7 /* Resources */ = {
			isa = PBXResourcesBuildPhase;
			buildActionMask = 2147483647;
			files = (
				1DF258AA1E28963600DC2DC7 /* LaunchScreen.storyboard in Resources */,
				1DF258A71E28963600DC2DC7 /* Assets.xcassets in Resources */,
				1DF258A51E28963600DC2DC7 /* Main.storyboard in Resources */,
			);
			runOnlyForDeploymentPostprocessing = 0;
		};
/* End PBXResourcesBuildPhase section */

/* Begin PBXSourcesBuildPhase section */
		1DF258981E28963600DC2DC7 /* Sources */ = {
			isa = PBXSourcesBuildPhase;
			buildActionMask = 2147483647;
			files = (
				1D4CA1D01E28B952006A0634 /* HelloVC.swift in Sources */,
				1DF258A21E28963600DC2DC7 /* ViewController.swift in Sources */,
				1DF258B61E28A54A00DC2DC7 /* BackTableVC.swift in Sources */,
				1DF258A01E28963600DC2DC7 /* AppDelegate.swift in Sources */,
				1D4CA1D21E28B964006A0634 /* SecondVC.swift in Sources */,
				1DF258B41E28971300DC2DC7 /* SWRevealViewController.m in Sources */,
			);
			runOnlyForDeploymentPostprocessing = 0;
		};
/* End PBXSourcesBuildPhase section */

/* Begin PBXVariantGroup section */
		1DF258A31E28963600DC2DC7 /* Main.storyboard */ = {
			isa = PBXVariantGroup;
			children = (
				1DF258A41E28963600DC2DC7 /* Base */,
			);
			name = Main.storyboard;
			sourceTree = "<group>";
		};
		1DF258A81E28963600DC2DC7 /* LaunchScreen.storyboard */ = {
			isa = PBXVariantGroup;
			children = (
				1DF258A91E28963600DC2DC7 /* Base */,
			);
			name = LaunchScreen.storyboard;
			sourceTree = "<group>";
		};
/* End PBXVariantGroup section */

/* Begin XCBuildConfiguration section */
		1DF258AC1E28963600DC2DC7 /* Debug */ = {
			isa = XCBuildConfiguration;
			buildSettings = {
				ALWAYS_SEARCH_USER_PATHS = NO;
				CLANG_ANALYZER_NONNULL = YES;
				CLANG_CXX_LANGUAGE_STANDARD = "gnu++0x";
				CLANG_CXX_LIBRARY = "libc++";
				CLANG_ENABLE_MODULES = YES;
				CLANG_ENABLE_OBJC_ARC = YES;
				CLANG_WARN_BOOL_CONVERSION = YES;
				CLANG_WARN_CONSTANT_CONVERSION = YES;
				CLANG_WARN_DIRECT_OBJC_ISA_USAGE = YES_ERROR;
				CLANG_WARN_DOCUMENTATION_COMMENTS = YES;
				CLANG_WARN_EMPTY_BODY = YES;
				CLANG_WARN_ENUM_CONVERSION = YES;
				CLANG_WARN_INFINITE_RECURSION = YES;
				CLANG_WARN_INT_CONVERSION = YES;
				CLANG_WARN_OBJC_ROOT_CLASS = YES_ERROR;
				CLANG_WARN_SUSPICIOUS_MOVE = YES;
				CLANG_WARN_UNREACHABLE_CODE = YES;
				CLANG_WARN__DUPLICATE_METHOD_MATCH = YES;
				"CODE_SIGN_IDENTITY[sdk=iphoneos*]" = "iPhone Developer";
				COPY_PHASE_STRIP = NO;
				DEBUG_INFORMATION_FORMAT = dwarf;
				ENABLE_STRICT_OBJC_MSGSEND = YES;
				ENABLE_TESTABILITY = YES;
				GCC_C_LANGUAGE_STANDARD = gnu99;
				GCC_DYNAMIC_NO_PIC = NO;
				GCC_NO_COMMON_BLOCKS = YES;
				GCC_OPTIMIZATION_LEVEL = 0;
				GCC_PREPROCESSOR_DEFINITIONS = (
					"DEBUG=1",
					"$(inherited)",
				);
				GCC_WARN_64_TO_32_BIT_CONVERSION = YES;
				GCC_WARN_ABOUT_RETURN_TYPE = YES_ERROR;
				GCC_WARN_UNDECLARED_SELECTOR = YES;
				GCC_WARN_UNINITIALIZED_AUTOS = YES_AGGRESSIVE;
				GCC_WARN_UNUSED_FUNCTION = YES;
				GCC_WARN_UNUSED_VARIABLE = YES;
				IPHONEOS_DEPLOYMENT_TARGET = 10.2;
				MTL_ENABLE_DEBUG_INFO = YES;
				ONLY_ACTIVE_ARCH = YES;
				SDKROOT = iphoneos;
				SWIFT_ACTIVE_COMPILATION_CONDITIONS = DEBUG;
				SWIFT_OPTIMIZATION_LEVEL = "-Onone";
				TARGETED_DEVICE_FAMILY = "1,2";
			};
			name = Debug;
		};
		1DF258AD1E28963600DC2DC7 /* Release */ = {
			isa = XCBuildConfiguration;
			buildSettings = {
				ALWAYS_SEARCH_USER_PATHS = NO;
				CLANG_ANALYZER_NONNULL = YES;
				CLANG_CXX_LANGUAGE_STANDARD = "gnu++0x";
				CLANG_CXX_LIBRARY = "libc++";
				CLANG_ENABLE_MODULES = YES;
				CLANG_ENABLE_OBJC_ARC = YES;
				CLANG_WARN_BOOL_CONVERSION = YES;
				CLANG_WARN_CONSTANT_CONVERSION = YES;
				CLANG_WARN_DIRECT_OBJC_ISA_USAGE = YES_ERROR;
				CLANG_WARN_DOCUMENTATION_COMMENTS = YES;
				CLANG_WARN_EMPTY_BODY = YES;
				CLANG_WARN_ENUM_CONVERSION = YES;
				CLANG_WARN_INFINITE_RECURSION = YES;
				CLANG_WARN_INT_CONVERSION = YES;
				CLANG_WARN_OBJC_ROOT_CLASS = YES_ERROR;
				CLANG_WARN_SUSPICIOUS_MOVE = YES;
				CLANG_WARN_UNREACHABLE_CODE = YES;
				CLANG_WARN__DUPLICATE_METHOD_MATCH = YES;
				"CODE_SIGN_IDENTITY[sdk=iphoneos*]" = "iPhone Developer";
				COPY_PHASE_STRIP = NO;
				DEBUG_INFORMATION_FORMAT = "dwarf-with-dsym";
				ENABLE_NS_ASSERTIONS = NO;
				ENABLE_STRICT_OBJC_MSGSEND = YES;
				GCC_C_LANGUAGE_STANDARD = gnu99;
				GCC_NO_COMMON_BLOCKS = YES;
				GCC_WARN_64_TO_32_BIT_CONVERSION = YES;
				GCC_WARN_ABOUT_RETURN_TYPE = YES_ERROR;
				GCC_WARN_UNDECLARED_SELECTOR = YES;
				GCC_WARN_UNINITIALIZED_AUTOS = YES_AGGRESSIVE;
				GCC_WARN_UNUSED_FUNCTION = YES;
				GCC_WARN_UNUSED_VARIABLE = YES;
				IPHONEOS_DEPLOYMENT_TARGET = 10.2;
				MTL_ENABLE_DEBUG_INFO = NO;
				SDKROOT = iphoneos;
				SWIFT_OPTIMIZATION_LEVEL = "-Owholemodule";
				TARGETED_DEVICE_FAMILY = "1,2";
				VALIDATE_PRODUCT = YES;
			};
			name = Release;
		};
		1DF258AF1E28963600DC2DC7 /* Debug */ = {
			isa = XCBuildConfiguration;
			buildSettings = {
				ASSETCATALOG_COMPILER_APPICON_NAME = AppIcon;
				CLANG_ENABLE_MODULES = YES;
				INFOPLIST_FILE = SlideOutMenu/Info.plist;
				LD_RUNPATH_SEARCH_PATHS = "$(inherited) @executable_path/Frameworks";
				PRODUCT_BUNDLE_IDENTIFIER = justFordemo.SlideOutMenu;
				PRODUCT_NAME = "$(TARGET_NAME)";
				SWIFT_OBJC_BRIDGING_HEADER = "SlideOutMenu/SlideOutMenu-Bridging-Header.h";
				SWIFT_OPTIMIZATION_LEVEL = "-Onone";
				SWIFT_VERSION = 3.0;
			};
			name = Debug;
		};
		1DF258B01E28963600DC2DC7 /* Release */ = {
			isa = XCBuildConfiguration;
			buildSettings = {
				ASSETCATALOG_COMPILER_APPICON_NAME = AppIcon;
				CLANG_ENABLE_MODULES = YES;
				INFOPLIST_FILE = SlideOutMenu/Info.plist;
				LD_RUNPATH_SEARCH_PATHS = "$(inherited) @executable_path/Frameworks";
				PRODUCT_BUNDLE_IDENTIFIER = justFordemo.SlideOutMenu;
				PRODUCT_NAME = "$(TARGET_NAME)";
				SWIFT_OBJC_BRIDGING_HEADER = "SlideOutMenu/SlideOutMenu-Bridging-Header.h";
				SWIFT_VERSION = 3.0;
			};
			name = Release;
		};
/* End XCBuildConfiguration section */

/* Begin XCConfigurationList section */
		1DF258971E28963600DC2DC7 /* Build configuration list for PBXProject "SlideOutMenu" */ = {
			isa = XCConfigurationList;
			buildConfigurations = (
				1DF258AC1E28963600DC2DC7 /* Debug */,
				1DF258AD1E28963600DC2DC7 /* Release */,
			);
			defaultConfigurationIsVisible = 0;
			defaultConfigurationName = Release;
		};
		1DF258AE1E28963600DC2DC7 /* Build configuration list for PBXNativeTarget "SlideOutMenu" */ = {
			isa = XCConfigurationList;
			buildConfigurations = (
				1DF258AF1E28963600DC2DC7 /* Debug */,
				1DF258B01E28963600DC2DC7 /* Release */,
			);
			defaultConfigurationIsVisible = 0;
			defaultConfigurationName = Release;
		};
/* End XCConfigurationList section */
	};
	rootObject = 1DF258941E28963600DC2DC7 /* Project object */;
}
