// !$*UTF8*$!
{
	archiveVersion = 1;
	classes = {
	};
	objectVersion = 46;
	objects = {

/* Begin PBXBuildFile section */
		1DA67CF01E064B8500D3A85E /* AppDelegate.swift in Sources */ = {isa = PBXBuildFile; fileRef = 1DA67CEF1E064B8500D3A85E /* AppDelegate.swift */; };
		1DA67CF21E064B8500D3A85E /* ViewController.swift in Sources */ = {isa = PBXBuildFile; fileRef = 1DA67CF11E064B8500D3A85E /* ViewController.swift */; };
		1DA67CF51E064B8500D3A85E /* Main.storyboard in Resources */ = {isa = PBXBuildFile; fileRef = 1DA67CF31E064B8500D3A85E /* Main.storyboard */; };
		1DA67CF71E064B8500D3A85E /* Assets.xcassets in Resources */ = {isa = PBXBuildFile; fileRef = 1DA67CF61E064B8500D3A85E /* Assets.xcassets */; };
		1DA67CFA1E064B8500D3A85E /* LaunchScreen.storyboard in Resources */ = {isa = PBXBuildFile; fileRef = 1DA67CF81E064B8500D3A85E /* LaunchScreen.storyboard */; };
		1DA67D051E064B8500D3A85E /* project02_GuesturewithTapAndPressTests.swift in Sources */ = {isa = PBXBuildFile; fileRef = 1DA67D041E064B8500D3A85E /* project02_GuesturewithTapAndPressTests.swift */; };
		1DA67D101E064B8500D3A85E /* project02_GuesturewithTapAndPressUITests.swift in Sources */ = {isa = PBXBuildFile; fileRef = 1DA67D0F1E064B8500D3A85E /* project02_GuesturewithTapAndPressUITests.swift */; };
/* End PBXBuildFile section */

/* Begin PBXContainerItemProxy section */
		1DA67D011E064B8500D3A85E /* PBXContainerItemProxy */ = {
			isa = PBXContainerItemProxy;
			containerPortal = 1DA67CE41E064B8500D3A85E /* Project object */;
			proxyType = 1;
			remoteGlobalIDString = 1DA67CEB1E064B8500D3A85E;
			remoteInfo = "project02-GuesturewithTapAndPress";
		};
		1DA67D0C1E064B8500D3A85E /* PBXContainerItemProxy */ = {
			isa = PBXContainerItemProxy;
			containerPortal = 1DA67CE41E064B8500D3A85E /* Project object */;
			proxyType = 1;
			remoteGlobalIDString = 1DA67CEB1E064B8500D3A85E;
			remoteInfo = "project02-GuesturewithTapAndPress";
		};
/* End PBXContainerItemProxy section */

/* Begin PBXFileReference section */
		1DA67CEC1E064B8500D3A85E /* project02-GuesturewithTapAndPress.app */ = {isa = PBXFileReference; explicitFileType = wrapper.application; includeInIndex = 0; path = "project02-GuesturewithTapAndPress.app"; sourceTree = BUILT_PRODUCTS_DIR; };
		1DA67CEF1E064B8500D3A85E /* AppDelegate.swift */ = {isa = PBXFileReference; lastKnownFileType = sourcecode.swift; path = AppDelegate.swift; sourceTree = "<group>"; };
		1DA67CF11E064B8500D3A85E /* ViewController.swift */ = {isa = PBXFileReference; lastKnownFileType = sourcecode.swift; path = ViewController.swift; sourceTree = "<group>"; };
		1DA67CF41E064B8500D3A85E /* Base */ = {isa = PBXFileReference; lastKnownFileType = file.storyboard; name = Base; path = Base.lproj/Main.storyboard; sourceTree = "<group>"; };
		1DA67CF61E064B8500D3A85E /* Assets.xcassets */ = {isa = PBXFileReference; lastKnownFileType = folder.assetcatalog; path = Assets.xcassets; sourceTree = "<group>"; };
		1DA67CF91E064B8500D3A85E /* Base */ = {isa = PBXFileReference; lastKnownFileType = file.storyboard; name = Base; path = Base.lproj/LaunchScreen.storyboard; sourceTree = "<group>"; };
		1DA67CFB1E064B8500D3A85E /* Info.plist */ = {isa = PBXFileReference; lastKnownFileType = text.plist.xml; path = Info.plist; sourceTree = "<group>"; };
		1DA67D001E064B8500D3A85E /* project02-GuesturewithTapAndPressTests.xctest */ = {isa = PBXFileReference; explicitFileType = wrapper.cfbundle; includeInIndex = 0; path = "project02-GuesturewithTapAndPressTests.xctest"; sourceTree = BUILT_PRODUCTS_DIR; };
		1DA67D041E064B8500D3A85E /* project02_GuesturewithTapAndPressTests.swift */ = {isa = PBXFileReference; lastKnownFileType = sourcecode.swift; path = project02_GuesturewithTapAndPressTests.swift; sourceTree = "<group>"; };
		1DA67D061E064B8500D3A85E /* Info.plist */ = {isa = PBXFileReference; lastKnownFileType = text.plist.xml; path = Info.plist; sourceTree = "<group>"; };
		1DA67D0B1E064B8500D3A85E /* project02-GuesturewithTapAndPressUITests.xctest */ = {isa = PBXFileReference; explicitFileType = wrapper.cfbundle; includeInIndex = 0; path = "project02-GuesturewithTapAndPressUITests.xctest"; sourceTree = BUILT_PRODUCTS_DIR; };
		1DA67D0F1E064B8500D3A85E /* project02_GuesturewithTapAndPressUITests.swift */ = {isa = PBXFileReference; lastKnownFileType = sourcecode.swift; path = project02_GuesturewithTapAndPressUITests.swift; sourceTree = "<group>"; };
		1DA67D111E064B8500D3A85E /* Info.plist */ = {isa = PBXFileReference; lastKnownFileType = text.plist.xml; path = Info.plist; sourceTree = "<group>"; };
/* End PBXFileReference section */

/* Begin PBXFrameworksBuildPhase section */
		1DA67CE91E064B8500D3A85E /* Frameworks */ = {
			isa = PBXFrameworksBuildPhase;
			buildActionMask = 2147483647;
			files = (
			);
			runOnlyForDeploymentPostprocessing = 0;
		};
		1DA67CFD1E064B8500D3A85E /* Frameworks */ = {
			isa = PBXFrameworksBuildPhase;
			buildActionMask = 2147483647;
			files = (
			);
			runOnlyForDeploymentPostprocessing = 0;
		};
		1DA67D081E064B8500D3A85E /* Frameworks */ = {
			isa = PBXFrameworksBuildPhase;
			buildActionMask = 2147483647;
			files = (
			);
			runOnlyForDeploymentPostprocessing = 0;
		};
/* End PBXFrameworksBuildPhase section */

/* Begin PBXGroup section */
		1DA67CE31E064B8500D3A85E = {
			isa = PBXGroup;
			children = (
				1DA67CEE1E064B8500D3A85E /* project02-GuesturewithTapAndPress */,
				1DA67D031E064B8500D3A85E /* project02-GuesturewithTapAndPressTests */,
				1DA67D0E1E064B8500D3A85E /* project02-GuesturewithTapAndPressUITests */,
				1DA67CED1E064B8500D3A85E /* Products */,
			);
			sourceTree = "<group>";
		};
		1DA67CED1E064B8500D3A85E /* Products */ = {
			isa = PBXGroup;
			children = (
				1DA67CEC1E064B8500D3A85E /* project02-GuesturewithTapAndPress.app */,
				1DA67D001E064B8500D3A85E /* project02-GuesturewithTapAndPressTests.xctest */,
				1DA67D0B1E064B8500D3A85E /* project02-GuesturewithTapAndPressUITests.xctest */,
			);
			name = Products;
			sourceTree = "<group>";
		};
		1DA67CEE1E064B8500D3A85E /* project02-GuesturewithTapAndPress */ = {
			isa = PBXGroup;
			children = (
				1DA67CEF1E064B8500D3A85E /* AppDelegate.swift */,
				1DA67CF11E064B8500D3A85E /* ViewController.swift */,
				1DA67CF31E064B8500D3A85E /* Main.storyboard */,
				1DA67CF61E064B8500D3A85E /* Assets.xcassets */,
				1DA67CF81E064B8500D3A85E /* LaunchScreen.storyboard */,
				1DA67CFB1E064B8500D3A85E /* Info.plist */,
			);
			path = "project02-GuesturewithTapAndPress";
			sourceTree = "<group>";
		};
		1DA67D031E064B8500D3A85E /* project02-GuesturewithTapAndPressTests */ = {
			isa = PBXGroup;
			children = (
				1DA67D041E064B8500D3A85E /* project02_GuesturewithTapAndPressTests.swift */,
				1DA67D061E064B8500D3A85E /* Info.plist */,
			);
			path = "project02-GuesturewithTapAndPressTests";
			sourceTree = "<group>";
		};
		1DA67D0E1E064B8500D3A85E /* project02-GuesturewithTapAndPressUITests */ = {
			isa = PBXGroup;
			children = (
				1DA67D0F1E064B8500D3A85E /* project02_GuesturewithTapAndPressUITests.swift */,
				1DA67D111E064B8500D3A85E /* Info.plist */,
			);
			path = "project02-GuesturewithTapAndPressUITests";
			sourceTree = "<group>";
		};
/* End PBXGroup section */

/* Begin PBXNativeTarget section */
		1DA67CEB1E064B8500D3A85E /* project02-GuesturewithTapAndPress */ = {
			isa = PBXNativeTarget;
			buildConfigurationList = 1DA67D141E064B8500D3A85E /* Build configuration list for PBXNativeTarget "project02-GuesturewithTapAndPress" */;
			buildPhases = (
				1DA67CE81E064B8500D3A85E /* Sources */,
				1DA67CE91E064B8500D3A85E /* Frameworks */,
				1DA67CEA1E064B8500D3A85E /* Resources */,
			);
			buildRules = (
			);
			dependencies = (
			);
			name = "project02-GuesturewithTapAndPress";
			productName = "project02-GuesturewithTapAndPress";
			productReference = 1DA67CEC1E064B8500D3A85E /* project02-GuesturewithTapAndPress.app */;
			productType = "com.apple.product-type.application";
		};
		1DA67CFF1E064B8500D3A85E /* project02-GuesturewithTapAndPressTests */ = {
			isa = PBXNativeTarget;
			buildConfigurationList = 1DA67D171E064B8500D3A85E /* Build configuration list for PBXNativeTarget "project02-GuesturewithTapAndPressTests" */;
			buildPhases = (
				1DA67CFC1E064B8500D3A85E /* Sources */,
				1DA67CFD1E064B8500D3A85E /* Frameworks */,
				1DA67CFE1E064B8500D3A85E /* Resources */,
			);
			buildRules = (
			);
			dependencies = (
				1DA67D021E064B8500D3A85E /* PBXTargetDependency */,
			);
			name = "project02-GuesturewithTapAndPressTests";
			productName = "project02-GuesturewithTapAndPressTests";
			productReference = 1DA67D001E064B8500D3A85E /* project02-GuesturewithTapAndPressTests.xctest */;
			productType = "com.apple.product-type.bundle.unit-test";
		};
		1DA67D0A1E064B8500D3A85E /* project02-GuesturewithTapAndPressUITests */ = {
			isa = PBXNativeTarget;
			buildConfigurationList = 1DA67D1A1E064B8500D3A85E /* Build configuration list for PBXNativeTarget "project02-GuesturewithTapAndPressUITests" */;
			buildPhases = (
				1DA67D071E064B8500D3A85E /* Sources */,
				1DA67D081E064B8500D3A85E /* Frameworks */,
				1DA67D091E064B8500D3A85E /* Resources */,
			);
			buildRules = (
			);
			dependencies = (
				1DA67D0D1E064B8500D3A85E /* PBXTargetDependency */,
			);
			name = "project02-GuesturewithTapAndPressUITests";
			productName = "project02-GuesturewithTapAndPressUITests";
			productReference = 1DA67D0B1E064B8500D3A85E /* project02-GuesturewithTapAndPressUITests.xctest */;
			productType = "com.apple.product-type.bundle.ui-testing";
		};
/* End PBXNativeTarget section */

/* Begin PBXProject section */
		1DA67CE41E064B8500D3A85E /* Project object */ = {
			isa = PBXProject;
			attributes = {
				LastSwiftUpdateCheck = 0820;
				LastUpgradeCheck = 0820;
				ORGANIZATIONNAME = "吳政緯";
				TargetAttributes = {
					1DA67CEB1E064B8500D3A85E = {
						CreatedOnToolsVersion = 8.2;
						DevelopmentTeam = J3X6Y8H249;
						ProvisioningStyle = Automatic;
					};
					1DA67CFF1E064B8500D3A85E = {
						CreatedOnToolsVersion = 8.2;
						DevelopmentTeam = J3X6Y8H249;
						ProvisioningStyle = Automatic;
						TestTargetID = 1DA67CEB1E064B8500D3A85E;
					};
					1DA67D0A1E064B8500D3A85E = {
						CreatedOnToolsVersion = 8.2;
						DevelopmentTeam = J3X6Y8H249;
						ProvisioningStyle = Automatic;
						TestTargetID = 1DA67CEB1E064B8500D3A85E;
					};
				};
			};
			buildConfigurationList = 1DA67CE71E064B8500D3A85E /* Build configuration list for PBXProject "project02-GuesturewithTapAndPress" */;
			compatibilityVersion = "Xcode 3.2";
			developmentRegion = English;
			hasScannedForEncodings = 0;
			knownRegions = (
				en,
				Base,
			);
			mainGroup = 1DA67CE31E064B8500D3A85E;
			productRefGroup = 1DA67CED1E064B8500D3A85E /* Products */;
			projectDirPath = "";
			projectRoot = "";
			targets = (
				1DA67CEB1E064B8500D3A85E /* project02-GuesturewithTapAndPress */,
				1DA67CFF1E064B8500D3A85E /* project02-GuesturewithTapAndPressTests */,
				1DA67D0A1E064B8500D3A85E /* project02-GuesturewithTapAndPressUITests */,
			);
		};
/* End PBXProject section */

/* Begin PBXResourcesBuildPhase section */
		1DA67CEA1E064B8500D3A85E /* Resources */ = {
			isa = PBXResourcesBuildPhase;
			buildActionMask = 2147483647;
			files = (
				1DA67CFA1E064B8500D3A85E /* LaunchScreen.storyboard in Resources */,
				1DA67CF71E064B8500D3A85E /* Assets.xcassets in Resources */,
				1DA67CF51E064B8500D3A85E /* Main.storyboard in Resources */,
			);
			runOnlyForDeploymentPostprocessing = 0;
		};
		1DA67CFE1E064B8500D3A85E /* Resources */ = {
			isa = PBXResourcesBuildPhase;
			buildActionMask = 2147483647;
			files = (
			);
			runOnlyForDeploymentPostprocessing = 0;
		};
		1DA67D091E064B8500D3A85E /* Resources */ = {
			isa = PBXResourcesBuildPhase;
			buildActionMask = 2147483647;
			files = (
			);
			runOnlyForDeploymentPostprocessing = 0;
		};
/* End PBXResourcesBuildPhase section */

/* Begin PBXSourcesBuildPhase section */
		1DA67CE81E064B8500D3A85E /* Sources */ = {
			isa = PBXSourcesBuildPhase;
			buildActionMask = 2147483647;
			files = (
				1DA67CF21E064B8500D3A85E /* ViewController.swift in Sources */,
				1DA67CF01E064B8500D3A85E /* AppDelegate.swift in Sources */,
			);
			runOnlyForDeploymentPostprocessing = 0;
		};
		1DA67CFC1E064B8500D3A85E /* Sources */ = {
			isa = PBXSourcesBuildPhase;
			buildActionMask = 2147483647;
			files = (
				1DA67D051E064B8500D3A85E /* project02_GuesturewithTapAndPressTests.swift in Sources */,
			);
			runOnlyForDeploymentPostprocessing = 0;
		};
		1DA67D071E064B8500D3A85E /* Sources */ = {
			isa = PBXSourcesBuildPhase;
			buildActionMask = 2147483647;
			files = (
				1DA67D101E064B8500D3A85E /* project02_GuesturewithTapAndPressUITests.swift in Sources */,
			);
			runOnlyForDeploymentPostprocessing = 0;
		};
/* End PBXSourcesBuildPhase section */

/* Begin PBXTargetDependency section */
		1DA67D021E064B8500D3A85E /* PBXTargetDependency */ = {
			isa = PBXTargetDependency;
			target = 1DA67CEB1E064B8500D3A85E /* project02-GuesturewithTapAndPress */;
			targetProxy = 1DA67D011E064B8500D3A85E /* PBXContainerItemProxy */;
		};
		1DA67D0D1E064B8500D3A85E /* PBXTargetDependency */ = {
			isa = PBXTargetDependency;
			target = 1DA67CEB1E064B8500D3A85E /* project02-GuesturewithTapAndPress */;
			targetProxy = 1DA67D0C1E064B8500D3A85E /* PBXContainerItemProxy */;
		};
/* End PBXTargetDependency section */

/* Begin PBXVariantGroup section */
		1DA67CF31E064B8500D3A85E /* Main.storyboard */ = {
			isa = PBXVariantGroup;
			children = (
				1DA67CF41E064B8500D3A85E /* Base */,
			);
			name = Main.storyboard;
			sourceTree = "<group>";
		};
		1DA67CF81E064B8500D3A85E /* LaunchScreen.storyboard */ = {
			isa = PBXVariantGroup;
			children = (
				1DA67CF91E064B8500D3A85E /* Base */,
			);
			name = LaunchScreen.storyboard;
			sourceTree = "<group>";
		};
/* End PBXVariantGroup section */

/* Begin XCBuildConfiguration section */
		1DA67D121E064B8500D3A85E /* Debug */ = {
			isa = XCBuildConfiguration;
			buildSettings = {
				ALWAYS_SEARCH_USER_PATHS = NO;
				CLANG_ANALYZER_NONNULL = YES;
				CLANG_CXX_LANGUAGE_STANDARD = "gnu++0x";
				CLANG_CXX_LIBRARY = "libc++";
				CLANG_ENABLE_MODULES = YES;
				CLANG_ENABLE_OBJC_ARC = YES;
				CLANG_WARN_BOOL_CONVERSION = YES;
				CLANG_WARN_CONSTANT_CONVERSION = YES;
				CLANG_WARN_DIRECT_OBJC_ISA_USAGE = YES_ERROR;
				CLANG_WARN_DOCUMENTATION_COMMENTS = YES;
				CLANG_WARN_EMPTY_BODY = YES;
				CLANG_WARN_ENUM_CONVERSION = YES;
				CLANG_WARN_INFINITE_RECURSION = YES;
				CLANG_WARN_INT_CONVERSION = YES;
				CLANG_WARN_OBJC_ROOT_CLASS = YES_ERROR;
				CLANG_WARN_SUSPICIOUS_MOVE = YES;
				CLANG_WARN_UNREACHABLE_CODE = YES;
				CLANG_WARN__DUPLICATE_METHOD_MATCH = YES;
				"CODE_SIGN_IDENTITY[sdk=iphoneos*]" = "iPhone Developer";
				COPY_PHASE_STRIP = NO;
				DEBUG_INFORMATION_FORMAT = dwarf;
				ENABLE_STRICT_OBJC_MSGSEND = YES;
				ENABLE_TESTABILITY = YES;
				GCC_C_LANGUAGE_STANDARD = gnu99;
				GCC_DYNAMIC_NO_PIC = NO;
				GCC_NO_COMMON_BLOCKS = YES;
				GCC_OPTIMIZATION_LEVEL = 0;
				GCC_PREPROCESSOR_DEFINITIONS = (
					"DEBUG=1",
					"$(inherited)",
				);
				GCC_WARN_64_TO_32_BIT_CONVERSION = YES;
				GCC_WARN_ABOUT_RETURN_TYPE = YES_ERROR;
				GCC_WARN_UNDECLARED_SELECTOR = YES;
				GCC_WARN_UNINITIALIZED_AUTOS = YES_AGGRESSIVE;
				GCC_WARN_UNUSED_FUNCTION = YES;
				GCC_WARN_UNUSED_VARIABLE = YES;
				IPHONEOS_DEPLOYMENT_TARGET = 10.2;
				MTL_ENABLE_DEBUG_INFO = YES;
				ONLY_ACTIVE_ARCH = YES;
				SDKROOT = iphoneos;
				SWIFT_ACTIVE_COMPILATION_CONDITIONS = DEBUG;
				SWIFT_OPTIMIZATION_LEVEL = "-Onone";
				TARGETED_DEVICE_FAMILY = "1,2";
			};
			name = Debug;
		};
		1DA67D131E064B8500D3A85E /* Release */ = {
			isa = XCBuildConfiguration;
			buildSettings = {
				ALWAYS_SEARCH_USER_PATHS = NO;
				CLANG_ANALYZER_NONNULL = YES;
				CLANG_CXX_LANGUAGE_STANDARD = "gnu++0x";
				CLANG_CXX_LIBRARY = "libc++";
				CLANG_ENABLE_MODULES = YES;
				CLANG_ENABLE_OBJC_ARC = YES;
				CLANG_WARN_BOOL_CONVERSION = YES;
				CLANG_WARN_CONSTANT_CONVERSION = YES;
				CLANG_WARN_DIRECT_OBJC_ISA_USAGE = YES_ERROR;
				CLANG_WARN_DOCUMENTATION_COMMENTS = YES;
				CLANG_WARN_EMPTY_BODY = YES;
				CLANG_WARN_ENUM_CONVERSION = YES;
				CLANG_WARN_INFINITE_RECURSION = YES;
				CLANG_WARN_INT_CONVERSION = YES;
				CLANG_WARN_OBJC_ROOT_CLASS = YES_ERROR;
				CLANG_WARN_SUSPICIOUS_MOVE = YES;
				CLANG_WARN_UNREACHABLE_CODE = YES;
				CLANG_WARN__DUPLICATE_METHOD_MATCH = YES;
				"CODE_SIGN_IDENTITY[sdk=iphoneos*]" = "iPhone Developer";
				COPY_PHASE_STRIP = NO;
				DEBUG_INFORMATION_FORMAT = "dwarf-with-dsym";
				ENABLE_NS_ASSERTIONS = NO;
				ENABLE_STRICT_OBJC_MSGSEND = YES;
				GCC_C_LANGUAGE_STANDARD = gnu99;
				GCC_NO_COMMON_BLOCKS = YES;
				GCC_WARN_64_TO_32_BIT_CONVERSION = YES;
				GCC_WARN_ABOUT_RETURN_TYPE = YES_ERROR;
				GCC_WARN_UNDECLARED_SELECTOR = YES;
				GCC_WARN_UNINITIALIZED_AUTOS = YES_AGGRESSIVE;
				GCC_WARN_UNUSED_FUNCTION = YES;
				GCC_WARN_UNUSED_VARIABLE = YES;
				IPHONEOS_DEPLOYMENT_TARGET = 10.2;
				MTL_ENABLE_DEBUG_INFO = NO;
				SDKROOT = iphoneos;
				SWIFT_OPTIMIZATION_LEVEL = "-Owholemodule";
				TARGETED_DEVICE_FAMILY = "1,2";
				VALIDATE_PRODUCT = YES;
			};
			name = Release;
		};
		1DA67D151E064B8500D3A85E /* Debug */ = {
			isa = XCBuildConfiguration;
			buildSettings = {
				ASSETCATALOG_COMPILER_APPICON_NAME = AppIcon;
				DEVELOPMENT_TEAM = J3X6Y8H249;
				INFOPLIST_FILE = "project02-GuesturewithTapAndPress/Info.plist";
				LD_RUNPATH_SEARCH_PATHS = "$(inherited) @executable_path/Frameworks";
				PRODUCT_BUNDLE_IDENTIFIER = "practice.project02-GuesturewithTapAndPress";
				PRODUCT_NAME = "$(TARGET_NAME)";
				SWIFT_VERSION = 3.0;
			};
			name = Debug;
		};
		1DA67D161E064B8500D3A85E /* Release */ = {
			isa = XCBuildConfiguration;
			buildSettings = {
				ASSETCATALOG_COMPILER_APPICON_NAME = AppIcon;
				DEVELOPMENT_TEAM = J3X6Y8H249;
				INFOPLIST_FILE = "project02-GuesturewithTapAndPress/Info.plist";
				LD_RUNPATH_SEARCH_PATHS = "$(inherited) @executable_path/Frameworks";
				PRODUCT_BUNDLE_IDENTIFIER = "practice.project02-GuesturewithTapAndPress";
				PRODUCT_NAME = "$(TARGET_NAME)";
				SWIFT_VERSION = 3.0;
			};
			name = Release;
		};
		1DA67D181E064B8500D3A85E /* Debug */ = {
			isa = XCBuildConfiguration;
			buildSettings = {
				ALWAYS_EMBED_SWIFT_STANDARD_LIBRARIES = YES;
				BUNDLE_LOADER = "$(TEST_HOST)";
				DEVELOPMENT_TEAM = J3X6Y8H249;
				INFOPLIST_FILE = "project02-GuesturewithTapAndPressTests/Info.plist";
				LD_RUNPATH_SEARCH_PATHS = "$(inherited) @executable_path/Frameworks @loader_path/Frameworks";
				PRODUCT_BUNDLE_IDENTIFIER = "practice.project02-GuesturewithTapAndPressTests";
				PRODUCT_NAME = "$(TARGET_NAME)";
				SWIFT_VERSION = 3.0;
				TEST_HOST = "$(BUILT_PRODUCTS_DIR)/project02-GuesturewithTapAndPress.app/project02-GuesturewithTapAndPress";
			};
			name = Debug;
		};
		1DA67D191E064B8500D3A85E /* Release */ = {
			isa = XCBuildConfiguration;
			buildSettings = {
				ALWAYS_EMBED_SWIFT_STANDARD_LIBRARIES = YES;
				BUNDLE_LOADER = "$(TEST_HOST)";
				DEVELOPMENT_TEAM = J3X6Y8H249;
				INFOPLIST_FILE = "project02-GuesturewithTapAndPressTests/Info.plist";
				LD_RUNPATH_SEARCH_PATHS = "$(inherited) @executable_path/Frameworks @loader_path/Frameworks";
				PRODUCT_BUNDLE_IDENTIFIER = "practice.project02-GuesturewithTapAndPressTests";
				PRODUCT_NAME = "$(TARGET_NAME)";
				SWIFT_VERSION = 3.0;
				TEST_HOST = "$(BUILT_PRODUCTS_DIR)/project02-GuesturewithTapAndPress.app/project02-GuesturewithTapAndPress";
			};
			name = Release;
		};
		1DA67D1B1E064B8500D3A85E /* Debug */ = {
			isa = XCBuildConfiguration;
			buildSettings = {
				ALWAYS_EMBED_SWIFT_STANDARD_LIBRARIES = YES;
				DEVELOPMENT_TEAM = J3X6Y8H249;
				INFOPLIST_FILE = "project02-GuesturewithTapAndPressUITests/Info.plist";
				LD_RUNPATH_SEARCH_PATHS = "$(inherited) @executable_path/Frameworks @loader_path/Frameworks";
				PRODUCT_BUNDLE_IDENTIFIER = "practice.project02-GuesturewithTapAndPressUITests";
				PRODUCT_NAME = "$(TARGET_NAME)";
				SWIFT_VERSION = 3.0;
				TEST_TARGET_NAME = "project02-GuesturewithTapAndPress";
			};
			name = Debug;
		};
		1DA67D1C1E064B8500D3A85E /* Release */ = {
			isa = XCBuildConfiguration;
			buildSettings = {
				ALWAYS_EMBED_SWIFT_STANDARD_LIBRARIES = YES;
				DEVELOPMENT_TEAM = J3X6Y8H249;
				INFOPLIST_FILE = "project02-GuesturewithTapAndPressUITests/Info.plist";
				LD_RUNPATH_SEARCH_PATHS = "$(inherited) @executable_path/Frameworks @loader_path/Frameworks";
				PRODUCT_BUNDLE_IDENTIFIER = "practice.project02-GuesturewithTapAndPressUITests";
				PRODUCT_NAME = "$(TARGET_NAME)";
				SWIFT_VERSION = 3.0;
				TEST_TARGET_NAME = "project02-GuesturewithTapAndPress";
			};
			name = Release;
		};
/* End XCBuildConfiguration section */

/* Begin XCConfigurationList section */
		1DA67CE71E064B8500D3A85E /* Build configuration list for PBXProject "project02-GuesturewithTapAndPress" */ = {
			isa = XCConfigurationList;
			buildConfigurations = (
				1DA67D121E064B8500D3A85E /* Debug */,
				1DA67D131E064B8500D3A85E /* Release */,
			);
			defaultConfigurationIsVisible = 0;
			defaultConfigurationName = Release;
		};
		1DA67D141E064B8500D3A85E /* Build configuration list for PBXNativeTarget "project02-GuesturewithTapAndPress" */ = {
			isa = XCConfigurationList;
			buildConfigurations = (
				1DA67D151E064B8500D3A85E /* Debug */,
				1DA67D161E064B8500D3A85E /* Release */,
			);
			defaultConfigurationIsVisible = 0;
		};
		1DA67D171E064B8500D3A85E /* Build configuration list for PBXNativeTarget "project02-GuesturewithTapAndPressTests" */ = {
			isa = XCConfigurationList;
			buildConfigurations = (
				1DA67D181E064B8500D3A85E /* Debug */,
				1DA67D191E064B8500D3A85E /* Release */,
			);
			defaultConfigurationIsVisible = 0;
		};
		1DA67D1A1E064B8500D3A85E /* Build configuration list for PBXNativeTarget "project02-GuesturewithTapAndPressUITests" */ = {
			isa = XCConfigurationList;
			buildConfigurations = (
				1DA67D1B1E064B8500D3A85E /* Debug */,
				1DA67D1C1E064B8500D3A85E /* Release */,
			);
			defaultConfigurationIsVisible = 0;
		};
/* End XCConfigurationList section */
	};
	rootObject = 1DA67CE41E064B8500D3A85E /* Project object */;
}
