// !$*UTF8*$!
{
	archiveVersion = 1;
	classes = {
	};
	objectVersion = 46;
	objects = {

/* Begin PBXBuildFile section */
		1DB1EA0E1EA5E0C70044FB46 /* AppDelegate.swift in Sources */ = {isa = PBXBuildFile; fileRef = 1DB1EA0D1EA5E0C70044FB46 /* AppDelegate.swift */; };
		1DB1EA101EA5E0C70044FB46 /* ProductViewController.swift in Sources */ = {isa = PBXBuildFile; fileRef = 1DB1EA0F1EA5E0C70044FB46 /* ProductViewController.swift */; };
		1DB1EA131EA5E0C70044FB46 /* Main.storyboard in Resources */ = {isa = PBXBuildFile; fileRef = 1DB1EA111EA5E0C70044FB46 /* Main.storyboard */; };
		1DB1EA151EA5E0C70044FB46 /* Assets.xcassets in Resources */ = {isa = PBXBuildFile; fileRef = 1DB1EA141EA5E0C70044FB46 /* Assets.xcassets */; };
		1DB1EA181EA5E0C70044FB46 /* LaunchScreen.storyboard in Resources */ = {isa = PBXBuildFile; fileRef = 1DB1EA161EA5E0C70044FB46 /* LaunchScreen.storyboard */; };
		1DB1EA201EA5E1080044FB46 /* Product.swift in Sources */ = {isa = PBXBuildFile; fileRef = 1DB1EA1F1EA5E1080044FB46 /* Product.swift */; };
		1DB1EA231EA60BF40044FB46 /* FilterViewController.swift in Sources */ = {isa = PBXBuildFile; fileRef = 1DB1EA221EA60BF40044FB46 /* FilterViewController.swift */; };
		1DB1EA251EA610C80044FB46 /* NameCell.swift in Sources */ = {isa = PBXBuildFile; fileRef = 1DB1EA241EA610C80044FB46 /* NameCell.swift */; };
		1DB1EA271EA611010044FB46 /* RangeOfProductCell.swift in Sources */ = {isa = PBXBuildFile; fileRef = 1DB1EA261EA611010044FB46 /* RangeOfProductCell.swift */; };
		1DB1EA291EA611140044FB46 /* DoneCell.swift in Sources */ = {isa = PBXBuildFile; fileRef = 1DB1EA281EA611140044FB46 /* DoneCell.swift */; };
/* End PBXBuildFile section */

/* Begin PBXFileReference section */
		1DB1EA0A1EA5E0C70044FB46 /* iOS Challenge3.app */ = {isa = PBXFileReference; explicitFileType = wrapper.application; includeInIndex = 0; path = "iOS Challenge3.app"; sourceTree = BUILT_PRODUCTS_DIR; };
		1DB1EA0D1EA5E0C70044FB46 /* AppDelegate.swift */ = {isa = PBXFileReference; lastKnownFileType = sourcecode.swift; path = AppDelegate.swift; sourceTree = "<group>"; };
		1DB1EA0F1EA5E0C70044FB46 /* ProductViewController.swift */ = {isa = PBXFileReference; lastKnownFileType = sourcecode.swift; path = ProductViewController.swift; sourceTree = "<group>"; };
		1DB1EA121EA5E0C70044FB46 /* Base */ = {isa = PBXFileReference; lastKnownFileType = file.storyboard; name = Base; path = Base.lproj/Main.storyboard; sourceTree = "<group>"; };
		1DB1EA141EA5E0C70044FB46 /* Assets.xcassets */ = {isa = PBXFileReference; lastKnownFileType = folder.assetcatalog; path = Assets.xcassets; sourceTree = "<group>"; };
		1DB1EA171EA5E0C70044FB46 /* Base */ = {isa = PBXFileReference; lastKnownFileType = file.storyboard; name = Base; path = Base.lproj/LaunchScreen.storyboard; sourceTree = "<group>"; };
		1DB1EA191EA5E0C70044FB46 /* Info.plist */ = {isa = PBXFileReference; lastKnownFileType = text.plist.xml; path = Info.plist; sourceTree = "<group>"; };
		1DB1EA1F1EA5E1080044FB46 /* Product.swift */ = {isa = PBXFileReference; fileEncoding = 4; lastKnownFileType = sourcecode.swift; path = Product.swift; sourceTree = "<group>"; };
		1DB1EA221EA60BF40044FB46 /* FilterViewController.swift */ = {isa = PBXFileReference; fileEncoding = 4; lastKnownFileType = sourcecode.swift; path = FilterViewController.swift; sourceTree = "<group>"; };
		1DB1EA241EA610C80044FB46 /* NameCell.swift */ = {isa = PBXFileReference; fileEncoding = 4; lastKnownFileType = sourcecode.swift; path = NameCell.swift; sourceTree = "<group>"; };
		1DB1EA261EA611010044FB46 /* RangeOfProductCell.swift */ = {isa = PBXFileReference; fileEncoding = 4; lastKnownFileType = sourcecode.swift; path = RangeOfProductCell.swift; sourceTree = "<group>"; };
		1DB1EA281EA611140044FB46 /* DoneCell.swift */ = {isa = PBXFileReference; fileEncoding = 4; lastKnownFileType = sourcecode.swift; path = DoneCell.swift; sourceTree = "<group>"; };
/* End PBXFileReference section */

/* Begin PBXFrameworksBuildPhase section */
		1DB1EA071EA5E0C70044FB46 /* Frameworks */ = {
			isa = PBXFrameworksBuildPhase;
			buildActionMask = 2147483647;
			files = (
			);
			runOnlyForDeploymentPostprocessing = 0;
		};
/* End PBXFrameworksBuildPhase section */

/* Begin PBXGroup section */
		1DB1EA011EA5E0C70044FB46 = {
			isa = PBXGroup;
			children = (
				1DB1EA0C1EA5E0C70044FB46 /* iOS Challenge3 */,
				1DB1EA0B1EA5E0C70044FB46 /* Products */,
			);
			sourceTree = "<group>";
		};
		1DB1EA0B1EA5E0C70044FB46 /* Products */ = {
			isa = PBXGroup;
			children = (
				1DB1EA0A1EA5E0C70044FB46 /* iOS Challenge3.app */,
			);
			name = Products;
			sourceTree = "<group>";
		};
		1DB1EA0C1EA5E0C70044FB46 /* iOS Challenge3 */ = {
			isa = PBXGroup;
			children = (
				1DB1EA0D1EA5E0C70044FB46 /* AppDelegate.swift */,
				1DB1EA0F1EA5E0C70044FB46 /* ProductViewController.swift */,
				1DB1EA221EA60BF40044FB46 /* FilterViewController.swift */,
				1DB1EA2A1EA612AB0044FB46 /* View */,
				1DB1EA211EA5E8B20044FB46 /* Model */,
				1DB1EA141EA5E0C70044FB46 /* Assets.xcassets */,
				1DB1EA161EA5E0C70044FB46 /* LaunchScreen.storyboard */,
				1DB1EA111EA5E0C70044FB46 /* Main.storyboard */,
				1DB1EA191EA5E0C70044FB46 /* Info.plist */,
			);
			path = "iOS Challenge3";
			sourceTree = "<group>";
		};
		1DB1EA211EA5E8B20044FB46 /* Model */ = {
			isa = PBXGroup;
			children = (
				1DB1EA1F1EA5E1080044FB46 /* Product.swift */,
			);
			name = Model;
			sourceTree = "<group>";
		};
		1DB1EA2A1EA612AB0044FB46 /* View */ = {
			isa = PBXGroup;
			children = (
				1DB1EA241EA610C80044FB46 /* NameCell.swift */,
				1DB1EA261EA611010044FB46 /* RangeOfProductCell.swift */,
				1DB1EA281EA611140044FB46 /* DoneCell.swift */,
			);
			name = View;
			sourceTree = "<group>";
		};
/* End PBXGroup section */

/* Begin PBXNativeTarget section */
		1DB1EA091EA5E0C70044FB46 /* iOS Challenge3 */ = {
			isa = PBXNativeTarget;
			buildConfigurationList = 1DB1EA1C1EA5E0C70044FB46 /* Build configuration list for PBXNativeTarget "iOS Challenge3" */;
			buildPhases = (
				1DB1EA061EA5E0C70044FB46 /* Sources */,
				1DB1EA071EA5E0C70044FB46 /* Frameworks */,
				1DB1EA081EA5E0C70044FB46 /* Resources */,
			);
			buildRules = (
			);
			dependencies = (
			);
			name = "iOS Challenge3";
			productName = "iOS Challenge3";
			productReference = 1DB1EA0A1EA5E0C70044FB46 /* iOS Challenge3.app */;
			productType = "com.apple.product-type.application";
		};
/* End PBXNativeTarget section */

/* Begin PBXProject section */
		1DB1EA021EA5E0C70044FB46 /* Project object */ = {
			isa = PBXProject;
			attributes = {
				LastSwiftUpdateCheck = 0830;
				LastUpgradeCheck = 0830;
				ORGANIZATIONNAME = "吳政緯";
				TargetAttributes = {
					1DB1EA091EA5E0C70044FB46 = {
						CreatedOnToolsVersion = 8.3.1;
						DevelopmentTeam = J3X6Y8H249;
						ProvisioningStyle = Automatic;
					};
				};
			};
			buildConfigurationList = 1DB1EA051EA5E0C70044FB46 /* Build configuration list for PBXProject "iOS Challenge3" */;
			compatibilityVersion = "Xcode 3.2";
			developmentRegion = English;
			hasScannedForEncodings = 0;
			knownRegions = (
				en,
				Base,
			);
			mainGroup = 1DB1EA011EA5E0C70044FB46;
			productRefGroup = 1DB1EA0B1EA5E0C70044FB46 /* Products */;
			projectDirPath = "";
			projectRoot = "";
			targets = (
				1DB1EA091EA5E0C70044FB46 /* iOS Challenge3 */,
			);
		};
/* End PBXProject section */

/* Begin PBXResourcesBuildPhase section */
		1DB1EA081EA5E0C70044FB46 /* Resources */ = {
			isa = PBXResourcesBuildPhase;
			buildActionMask = 2147483647;
			files = (
				1DB1EA181EA5E0C70044FB46 /* LaunchScreen.storyboard in Resources */,
				1DB1EA151EA5E0C70044FB46 /* Assets.xcassets in Resources */,
				1DB1EA131EA5E0C70044FB46 /* Main.storyboard in Resources */,
			);
			runOnlyForDeploymentPostprocessing = 0;
		};
/* End PBXResourcesBuildPhase section */

/* Begin PBXSourcesBuildPhase section */
		1DB1EA061EA5E0C70044FB46 /* Sources */ = {
			isa = PBXSourcesBuildPhase;
			buildActionMask = 2147483647;
			files = (
				1DB1EA101EA5E0C70044FB46 /* ProductViewController.swift in Sources */,
				1DB1EA0E1EA5E0C70044FB46 /* AppDelegate.swift in Sources */,
				1DB1EA271EA611010044FB46 /* RangeOfProductCell.swift in Sources */,
				1DB1EA291EA611140044FB46 /* DoneCell.swift in Sources */,
				1DB1EA231EA60BF40044FB46 /* FilterViewController.swift in Sources */,
				1DB1EA251EA610C80044FB46 /* NameCell.swift in Sources */,
				1DB1EA201EA5E1080044FB46 /* Product.swift in Sources */,
			);
			runOnlyForDeploymentPostprocessing = 0;
		};
/* End PBXSourcesBuildPhase section */

/* Begin PBXVariantGroup section */
		1DB1EA111EA5E0C70044FB46 /* Main.storyboard */ = {
			isa = PBXVariantGroup;
			children = (
				1DB1EA121EA5E0C70044FB46 /* Base */,
			);
			name = Main.storyboard;
			sourceTree = "<group>";
		};
		1DB1EA161EA5E0C70044FB46 /* LaunchScreen.storyboard */ = {
			isa = PBXVariantGroup;
			children = (
				1DB1EA171EA5E0C70044FB46 /* Base */,
			);
			name = LaunchScreen.storyboard;
			sourceTree = "<group>";
		};
/* End PBXVariantGroup section */

/* Begin XCBuildConfiguration section */
		1DB1EA1A1EA5E0C70044FB46 /* Debug */ = {
			isa = XCBuildConfiguration;
			buildSettings = {
				ALWAYS_SEARCH_USER_PATHS = NO;
				CLANG_ANALYZER_NONNULL = YES;
				CLANG_ANALYZER_NUMBER_OBJECT_CONVERSION = YES_AGGRESSIVE;
				CLANG_CXX_LANGUAGE_STANDARD = "gnu++0x";
				CLANG_CXX_LIBRARY = "libc++";
				CLANG_ENABLE_MODULES = YES;
				CLANG_ENABLE_OBJC_ARC = YES;
				CLANG_WARN_BOOL_CONVERSION = YES;
				CLANG_WARN_CONSTANT_CONVERSION = YES;
				CLANG_WARN_DIRECT_OBJC_ISA_USAGE = YES_ERROR;
				CLANG_WARN_DOCUMENTATION_COMMENTS = YES;
				CLANG_WARN_EMPTY_BODY = YES;
				CLANG_WARN_ENUM_CONVERSION = YES;
				CLANG_WARN_INFINITE_RECURSION = YES;
				CLANG_WARN_INT_CONVERSION = YES;
				CLANG_WARN_OBJC_ROOT_CLASS = YES_ERROR;
				CLANG_WARN_SUSPICIOUS_MOVE = YES;
				CLANG_WARN_UNREACHABLE_CODE = YES;
				CLANG_WARN__DUPLICATE_METHOD_MATCH = YES;
				"CODE_SIGN_IDENTITY[sdk=iphoneos*]" = "iPhone Developer";
				COPY_PHASE_STRIP = NO;
				DEBUG_INFORMATION_FORMAT = dwarf;
				ENABLE_STRICT_OBJC_MSGSEND = YES;
				ENABLE_TESTABILITY = YES;
				GCC_C_LANGUAGE_STANDARD = gnu99;
				GCC_DYNAMIC_NO_PIC = NO;
				GCC_NO_COMMON_BLOCKS = YES;
				GCC_OPTIMIZATION_LEVEL = 0;
				GCC_PREPROCESSOR_DEFINITIONS = (
					"DEBUG=1",
					"$(inherited)",
				);
				GCC_WARN_64_TO_32_BIT_CONVERSION = YES;
				GCC_WARN_ABOUT_RETURN_TYPE = YES_ERROR;
				GCC_WARN_UNDECLARED_SELECTOR = YES;
				GCC_WARN_UNINITIALIZED_AUTOS = YES_AGGRESSIVE;
				GCC_WARN_UNUSED_FUNCTION = YES;
				GCC_WARN_UNUSED_VARIABLE = YES;
				IPHONEOS_DEPLOYMENT_TARGET = 10.3;
				MTL_ENABLE_DEBUG_INFO = YES;
				ONLY_ACTIVE_ARCH = YES;
				SDKROOT = iphoneos;
				SWIFT_ACTIVE_COMPILATION_CONDITIONS = DEBUG;
				SWIFT_OPTIMIZATION_LEVEL = "-Onone";
				TARGETED_DEVICE_FAMILY = "1,2";
			};
			name = Debug;
		};
		1DB1EA1B1EA5E0C70044FB46 /* Release */ = {
			isa = XCBuildConfiguration;
			buildSettings = {
				ALWAYS_SEARCH_USER_PATHS = NO;
				CLANG_ANALYZER_NONNULL = YES;
				CLANG_ANALYZER_NUMBER_OBJECT_CONVERSION = YES_AGGRESSIVE;
				CLANG_CXX_LANGUAGE_STANDARD = "gnu++0x";
				CLANG_CXX_LIBRARY = "libc++";
				CLANG_ENABLE_MODULES = YES;
				CLANG_ENABLE_OBJC_ARC = YES;
				CLANG_WARN_BOOL_CONVERSION = YES;
				CLANG_WARN_CONSTANT_CONVERSION = YES;
				CLANG_WARN_DIRECT_OBJC_ISA_USAGE = YES_ERROR;
				CLANG_WARN_DOCUMENTATION_COMMENTS = YES;
				CLANG_WARN_EMPTY_BODY = YES;
				CLANG_WARN_ENUM_CONVERSION = YES;
				CLANG_WARN_INFINITE_RECURSION = YES;
				CLANG_WARN_INT_CONVERSION = YES;
				CLANG_WARN_OBJC_ROOT_CLASS = YES_ERROR;
				CLANG_WARN_SUSPICIOUS_MOVE = YES;
				CLANG_WARN_UNREACHABLE_CODE = YES;
				CLANG_WARN__DUPLICATE_METHOD_MATCH = YES;
				"CODE_SIGN_IDENTITY[sdk=iphoneos*]" = "iPhone Developer";
				COPY_PHASE_STRIP = NO;
				DEBUG_INFORMATION_FORMAT = "dwarf-with-dsym";
				ENABLE_NS_ASSERTIONS = NO;
				ENABLE_STRICT_OBJC_MSGSEND = YES;
				GCC_C_LANGUAGE_STANDARD = gnu99;
				GCC_NO_COMMON_BLOCKS = YES;
				GCC_WARN_64_TO_32_BIT_CONVERSION = YES;
				GCC_WARN_ABOUT_RETURN_TYPE = YES_ERROR;
				GCC_WARN_UNDECLARED_SELECTOR = YES;
				GCC_WARN_UNINITIALIZED_AUTOS = YES_AGGRESSIVE;
				GCC_WARN_UNUSED_FUNCTION = YES;
				GCC_WARN_UNUSED_VARIABLE = YES;
				IPHONEOS_DEPLOYMENT_TARGET = 10.3;
				MTL_ENABLE_DEBUG_INFO = NO;
				SDKROOT = iphoneos;
				SWIFT_OPTIMIZATION_LEVEL = "-Owholemodule";
				TARGETED_DEVICE_FAMILY = "1,2";
				VALIDATE_PRODUCT = YES;
			};
			name = Release;
		};
		1DB1EA1D1EA5E0C70044FB46 /* Debug */ = {
			isa = XCBuildConfiguration;
			buildSettings = {
				ASSETCATALOG_COMPILER_APPICON_NAME = AppIcon;
				DEVELOPMENT_TEAM = J3X6Y8H249;
				INFOPLIST_FILE = "iOS Challenge3/Info.plist";
				LD_RUNPATH_SEARCH_PATHS = "$(inherited) @executable_path/Frameworks";
				PRODUCT_BUNDLE_IDENTIFIER = "Ian.PokemonProject.iOS-Challenge3";
				PRODUCT_NAME = "$(TARGET_NAME)";
				SWIFT_VERSION = 3.0;
			};
			name = Debug;
		};
		1DB1EA1E1EA5E0C70044FB46 /* Release */ = {
			isa = XCBuildConfiguration;
			buildSettings = {
				ASSETCATALOG_COMPILER_APPICON_NAME = AppIcon;
				DEVELOPMENT_TEAM = J3X6Y8H249;
				INFOPLIST_FILE = "iOS Challenge3/Info.plist";
				LD_RUNPATH_SEARCH_PATHS = "$(inherited) @executable_path/Frameworks";
				PRODUCT_BUNDLE_IDENTIFIER = "Ian.PokemonProject.iOS-Challenge3";
				PRODUCT_NAME = "$(TARGET_NAME)";
				SWIFT_VERSION = 3.0;
			};
			name = Release;
		};
/* End XCBuildConfiguration section */

/* Begin XCConfigurationList section */
		1DB1EA051EA5E0C70044FB46 /* Build configuration list for PBXProject "iOS Challenge3" */ = {
			isa = XCConfigurationList;
			buildConfigurations = (
				1DB1EA1A1EA5E0C70044FB46 /* Debug */,
				1DB1EA1B1EA5E0C70044FB46 /* Release */,
			);
			defaultConfigurationIsVisible = 0;
			defaultConfigurationName = Release;
		};
		1DB1EA1C1EA5E0C70044FB46 /* Build configuration list for PBXNativeTarget "iOS Challenge3" */ = {
			isa = XCConfigurationList;
			buildConfigurations = (
				1DB1EA1D1EA5E0C70044FB46 /* Debug */,
				1DB1EA1E1EA5E0C70044FB46 /* Release */,
			);
			defaultConfigurationIsVisible = 0;
			defaultConfigurationName = Release;
		};
/* End XCConfigurationList section */
	};
	rootObject = 1DB1EA021EA5E0C70044FB46 /* Project object */;
}
